// !$*UTF8*$!
{
	archiveVersion = 1;
	classes = {
	};
	objectVersion = 56;
	objects = {

/* Begin PBXBuildFile section */
		1F5C6DF62B691E8A00B45BBD /* Firebase_test2App.swift in Sources */ = {isa = PBXBuildFile; fileRef = 1F5C6DF52B691E8A00B45BBD /* Firebase_test2App.swift */; };
		1F5C6DF82B691E8A00B45BBD /* ContentView.swift in Sources */ = {isa = PBXBuildFile; fileRef = 1F5C6DF72B691E8A00B45BBD /* ContentView.swift */; };
		1F5C6DFA2B691E8B00B45BBD /* Assets.xcassets in Resources */ = {isa = PBXBuildFile; fileRef = 1F5C6DF92B691E8B00B45BBD /* Assets.xcassets */; };
		1F5C6DFD2B691E8B00B45BBD /* Preview Assets.xcassets in Resources */ = {isa = PBXBuildFile; fileRef = 1F5C6DFC2B691E8B00B45BBD /* Preview Assets.xcassets */; };
		1F6F1E932B8A3E10002B30E8 /* Accont_ setting.swift in Sources */ = {isa = PBXBuildFile; fileRef = 1F6F1E922B8A3E10002B30E8 /* Accont_ setting.swift */; };
		1F7E50972B8ADF5200826A02 /* AccountCreationView.swift in Sources */ = {isa = PBXBuildFile; fileRef = 1F7E50962B8ADF5200826A02 /* AccountCreationView.swift */; };
		1F7E50992B8AEBE200826A02 /* GoogleLogin.swift in Sources */ = {isa = PBXBuildFile; fileRef = 1F7E50982B8AEBE200826A02 /* GoogleLogin.swift */; };
		1F7FE20E2B71081200B84CE8 /* GoogleService-Info.plist in Resources */ = {isa = PBXBuildFile; fileRef = 1F7FE20D2B71081200B84CE8 /* GoogleService-Info.plist */; };
		362E779C13AED40B3F9EF60D /* Pods_Firebase_test2.framework in Frameworks */ = {isa = PBXBuildFile; fileRef = 8BAAA12C6088334095E468CE /* Pods_Firebase_test2.framework */; };
/* End PBXBuildFile section */

/* Begin PBXFileReference section */
		1F5C6DF22B691E8A00B45BBD /* Firebase_test2.app */ = {isa = PBXFileReference; explicitFileType = wrapper.application; includeInIndex = 0; path = Firebase_test2.app; sourceTree = BUILT_PRODUCTS_DIR; };
		1F5C6DF52B691E8A00B45BBD /* Firebase_test2App.swift */ = {isa = PBXFileReference; lastKnownFileType = sourcecode.swift; path = Firebase_test2App.swift; sourceTree = "<group>"; };
		1F5C6DF72B691E8A00B45BBD /* ContentView.swift */ = {isa = PBXFileReference; lastKnownFileType = sourcecode.swift; path = ContentView.swift; sourceTree = "<group>"; };
		1F5C6DF92B691E8B00B45BBD /* Assets.xcassets */ = {isa = PBXFileReference; lastKnownFileType = folder.assetcatalog; path = Assets.xcassets; sourceTree = "<group>"; };
		1F5C6DFC2B691E8B00B45BBD /* Preview Assets.xcassets */ = {isa = PBXFileReference; lastKnownFileType = folder.assetcatalog; path = "Preview Assets.xcassets"; sourceTree = "<group>"; };
		1F6F1E922B8A3E10002B30E8 /* Accont_ setting.swift */ = {isa = PBXFileReference; lastKnownFileType = sourcecode.swift; path = "Accont_ setting.swift"; sourceTree = "<group>"; };
		1F7E50962B8ADF5200826A02 /* AccountCreationView.swift */ = {isa = PBXFileReference; lastKnownFileType = sourcecode.swift; path = AccountCreationView.swift; sourceTree = "<group>"; };
		1F7E50982B8AEBE200826A02 /* GoogleLogin.swift */ = {isa = PBXFileReference; lastKnownFileType = sourcecode.swift; path = GoogleLogin.swift; sourceTree = "<group>"; };
		1F7FE20D2B71081200B84CE8 /* GoogleService-Info.plist */ = {isa = PBXFileReference; fileEncoding = 4; lastKnownFileType = text.plist.xml; path = "GoogleService-Info.plist"; sourceTree = "<group>"; };
		3589B1A28DEF8D690257C809 /* Pods-Firebase_test2.debug.xcconfig */ = {isa = PBXFileReference; includeInIndex = 1; lastKnownFileType = text.xcconfig; name = "Pods-Firebase_test2.debug.xcconfig"; path = "Target Support Files/Pods-Firebase_test2/Pods-Firebase_test2.debug.xcconfig"; sourceTree = "<group>"; };
		783A515969C9EE692F643776 /* Pods-Firebase_test2.release.xcconfig */ = {isa = PBXFileReference; includeInIndex = 1; lastKnownFileType = text.xcconfig; name = "Pods-Firebase_test2.release.xcconfig"; path = "Target Support Files/Pods-Firebase_test2/Pods-Firebase_test2.release.xcconfig"; sourceTree = "<group>"; };
		8BAAA12C6088334095E468CE /* Pods_Firebase_test2.framework */ = {isa = PBXFileReference; explicitFileType = wrapper.framework; includeInIndex = 0; path = Pods_Firebase_test2.framework; sourceTree = BUILT_PRODUCTS_DIR; };
/* End PBXFileReference section */

/* Begin PBXFrameworksBuildPhase section */
		1F5C6DEF2B691E8A00B45BBD /* Frameworks */ = {
			isa = PBXFrameworksBuildPhase;
			buildActionMask = 2147483647;
			files = (
				362E779C13AED40B3F9EF60D /* Pods_Firebase_test2.framework in Frameworks */,
			);
			runOnlyForDeploymentPostprocessing = 0;
		};
/* End PBXFrameworksBuildPhase section */

/* Begin PBXGroup section */
		1F5C6DE92B691E8A00B45BBD = {
			isa = PBXGroup;
			children = (
				1F5C6DF42B691E8A00B45BBD /* Firebase_test2 */,
				1F5C6DF32B691E8A00B45BBD /* Products */,
				F7C024040EE2DD4E2CBA283F /* Pods */,
				67C2A2F0CF6659B83E885627 /* Frameworks */,
			);
			sourceTree = "<group>";
		};
		1F5C6DF32B691E8A00B45BBD /* Products */ = {
			isa = PBXGroup;
			children = (
				1F5C6DF22B691E8A00B45BBD /* Firebase_test2.app */,
			);
			name = Products;
			sourceTree = "<group>";
		};
		1F5C6DF42B691E8A00B45BBD /* Firebase_test2 */ = {
			isa = PBXGroup;
			children = (
				1F5C6DF52B691E8A00B45BBD /* Firebase_test2App.swift */,
				1F5C6DF72B691E8A00B45BBD /* ContentView.swift */,
				1F7E50982B8AEBE200826A02 /* GoogleLogin.swift */,
				1F6F1E922B8A3E10002B30E8 /* Accont_ setting.swift */,
				1F7E50962B8ADF5200826A02 /* AccountCreationView.swift */,
				1F5C6DF92B691E8B00B45BBD /* Assets.xcassets */,
				1F7FE20D2B71081200B84CE8 /* GoogleService-Info.plist */,
				1F5C6DFB2B691E8B00B45BBD /* Preview Content */,
			);
			path = Firebase_test2;
			sourceTree = "<group>";
		};
		1F5C6DFB2B691E8B00B45BBD /* Preview Content */ = {
			isa = PBXGroup;
			children = (
				1F5C6DFC2B691E8B00B45BBD /* Preview Assets.xcassets */,
			);
			path = "Preview Content";
			sourceTree = "<group>";
		};
		67C2A2F0CF6659B83E885627 /* Frameworks */ = {
			isa = PBXGroup;
			children = (
				8BAAA12C6088334095E468CE /* Pods_Firebase_test2.framework */,
			);
			name = Frameworks;
			sourceTree = "<group>";
		};
		F7C024040EE2DD4E2CBA283F /* Pods */ = {
			isa = PBXGroup;
			children = (
				3589B1A28DEF8D690257C809 /* Pods-Firebase_test2.debug.xcconfig */,
				783A515969C9EE692F643776 /* Pods-Firebase_test2.release.xcconfig */,
			);
			path = Pods;
			sourceTree = "<group>";
		};
/* End PBXGroup section */

/* Begin PBXNativeTarget section */
		1F5C6DF12B691E8A00B45BBD /* Firebase_test2 */ = {
			isa = PBXNativeTarget;
			buildConfigurationList = 1F5C6E002B691E8B00B45BBD /* Build configuration list for PBXNativeTarget "Firebase_test2" */;
			buildPhases = (
				EFD233C2FD8A730BCB07BD4B /* [CP] Check Pods Manifest.lock */,
				1F5C6DEE2B691E8A00B45BBD /* Sources */,
				1F5C6DEF2B691E8A00B45BBD /* Frameworks */,
				1F5C6DF02B691E8A00B45BBD /* Resources */,
				5493FB3C3C00182F41EEACDB /* [CP] Embed Pods Frameworks */,
			);
			buildRules = (
			);
			dependencies = (
			);
			name = Firebase_test2;
			productName = Firebase_test2;
			productReference = 1F5C6DF22B691E8A00B45BBD /* Firebase_test2.app */;
			productType = "com.apple.product-type.application";
		};
/* End PBXNativeTarget section */

/* Begin PBXProject section */
		1F5C6DEA2B691E8A00B45BBD /* Project object */ = {
			isa = PBXProject;
			attributes = {
				BuildIndependentTargetsInParallel = 1;
				LastSwiftUpdateCheck = 1430;
				LastUpgradeCheck = 1430;
				TargetAttributes = {
					1F5C6DF12B691E8A00B45BBD = {
						CreatedOnToolsVersion = 14.3;
					};
				};
			};
			buildConfigurationList = 1F5C6DED2B691E8A00B45BBD /* Build configuration list for PBXProject "Firebase_test2" */;
			compatibilityVersion = "Xcode 14.0";
			developmentRegion = en;
			hasScannedForEncodings = 0;
			knownRegions = (
				en,
				Base,
			);
			mainGroup = 1F5C6DE92B691E8A00B45BBD;
			productRefGroup = 1F5C6DF32B691E8A00B45BBD /* Products */;
			projectDirPath = "";
			projectRoot = "";
			targets = (
				1F5C6DF12B691E8A00B45BBD /* Firebase_test2 */,
			);
		};
/* End PBXProject section */

/* Begin PBXResourcesBuildPhase section */
		1F5C6DF02B691E8A00B45BBD /* Resources */ = {
			isa = PBXResourcesBuildPhase;
			buildActionMask = 2147483647;
			files = (
				1F5C6DFD2B691E8B00B45BBD /* Preview Assets.xcassets in Resources */,
				1F7FE20E2B71081200B84CE8 /* GoogleService-Info.plist in Resources */,
				1F5C6DFA2B691E8B00B45BBD /* Assets.xcassets in Resources */,
			);
			runOnlyForDeploymentPostprocessing = 0;
		};
/* End PBXResourcesBuildPhase section */

/* Begin PBXShellScriptBuildPhase section */
		5493FB3C3C00182F41EEACDB /* [CP] Embed Pods Frameworks */ = {
			isa = PBXShellScriptBuildPhase;
			buildActionMask = 2147483647;
			files = (
			);
			inputFileListPaths = (
				"${PODS_ROOT}/Target Support Files/Pods-Firebase_test2/Pods-Firebase_test2-frameworks-${CONFIGURATION}-input-files.xcfilelist",
			);
			name = "[CP] Embed Pods Frameworks";
			outputFileListPaths = (
				"${PODS_ROOT}/Target Support Files/Pods-Firebase_test2/Pods-Firebase_test2-frameworks-${CONFIGURATION}-output-files.xcfilelist",
			);
			runOnlyForDeploymentPostprocessing = 0;
			shellPath = /bin/sh;
			shellScript = "\"${PODS_ROOT}/Target Support Files/Pods-Firebase_test2/Pods-Firebase_test2-frameworks.sh\"\n";
			showEnvVarsInLog = 0;
		};
		EFD233C2FD8A730BCB07BD4B /* [CP] Check Pods Manifest.lock */ = {
			isa = PBXShellScriptBuildPhase;
			buildActionMask = 2147483647;
			files = (
			);
			inputFileListPaths = (
			);
			inputPaths = (
				"${PODS_PODFILE_DIR_PATH}/Podfile.lock",
				"${PODS_ROOT}/Manifest.lock",
			);
			name = "[CP] Check Pods Manifest.lock";
			outputFileListPaths = (
			);
			outputPaths = (
				"$(DERIVED_FILE_DIR)/Pods-Firebase_test2-checkManifestLockResult.txt",
			);
			runOnlyForDeploymentPostprocessing = 0;
			shellPath = /bin/sh;
			shellScript = "diff \"${PODS_PODFILE_DIR_PATH}/Podfile.lock\" \"${PODS_ROOT}/Manifest.lock\" > /dev/null\nif [ $? != 0 ] ; then\n    # print error to STDERR\n    echo \"error: The sandbox is not in sync with the Podfile.lock. Run 'pod install' or update your CocoaPods installation.\" >&2\n    exit 1\nfi\n# This output is used by Xcode 'outputs' to avoid re-running this script phase.\necho \"SUCCESS\" > \"${SCRIPT_OUTPUT_FILE_0}\"\n";
			showEnvVarsInLog = 0;
		};
/* End PBXShellScriptBuildPhase section */

/* Begin PBXSourcesBuildPhase section */
		1F5C6DEE2B691E8A00B45BBD /* Sources */ = {
			isa = PBXSourcesBuildPhase;
			buildActionMask = 2147483647;
			files = (
				1F6F1E932B8A3E10002B30E8 /* Accont_ setting.swift in Sources */,
				1F7E50992B8AEBE200826A02 /* GoogleLogin.swift in Sources */,
				1F7E50972B8ADF5200826A02 /* AccountCreationView.swift in Sources */,
				1F5C6DF82B691E8A00B45BBD /* ContentView.swift in Sources */,
				1F5C6DF62B691E8A00B45BBD /* Firebase_test2App.swift in Sources */,
			);
			runOnlyForDeploymentPostprocessing = 0;
		};
/* End PBXSourcesBuildPhase section */

/* Begin XCBuildConfiguration section */
		1F5C6DFE2B691E8B00B45BBD /* Debug */ = {
			isa = XCBuildConfiguration;
			buildSettings = {
				ALWAYS_SEARCH_USER_PATHS = NO;
				CLANG_ANALYZER_NONNULL = YES;
				CLANG_ANALYZER_NUMBER_OBJECT_CONVERSION = YES_AGGRESSIVE;
				CLANG_CXX_LANGUAGE_STANDARD = "gnu++20";
				CLANG_ENABLE_MODULES = YES;
				CLANG_ENABLE_OBJC_ARC = YES;
				CLANG_ENABLE_OBJC_WEAK = YES;
				CLANG_WARN_BLOCK_CAPTURE_AUTORELEASING = YES;
				CLANG_WARN_BOOL_CONVERSION = YES;
				CLANG_WARN_COMMA = YES;
				CLANG_WARN_CONSTANT_CONVERSION = YES;
				CLANG_WARN_DEPRECATED_OBJC_IMPLEMENTATIONS = YES;
				CLANG_WARN_DIRECT_OBJC_ISA_USAGE = YES_ERROR;
				CLANG_WARN_DOCUMENTATION_COMMENTS = YES;
				CLANG_WARN_EMPTY_BODY = YES;
				CLANG_WARN_ENUM_CONVERSION = YES;
				CLANG_WARN_INFINITE_RECURSION = YES;
				CLANG_WARN_INT_CONVERSION = YES;
				CLANG_WARN_NON_LITERAL_NULL_CONVERSION = YES;
				CLANG_WARN_OBJC_IMPLICIT_RETAIN_SELF = YES;
				CLANG_WARN_OBJC_LITERAL_CONVERSION = YES;
				CLANG_WARN_OBJC_ROOT_CLASS = YES_ERROR;
				CLANG_WARN_QUOTED_INCLUDE_IN_FRAMEWORK_HEADER = YES;
				CLANG_WARN_RANGE_LOOP_ANALYSIS = YES;
				CLANG_WARN_STRICT_PROTOTYPES = YES;
				CLANG_WARN_SUSPICIOUS_MOVE = YES;
				CLANG_WARN_UNGUARDED_AVAILABILITY = YES_AGGRESSIVE;
				CLANG_WARN_UNREACHABLE_CODE = YES;
				CLANG_WARN__DUPLICATE_METHOD_MATCH = YES;
				COPY_PHASE_STRIP = NO;
				DEBUG_INFORMATION_FORMAT = dwarf;
				ENABLE_STRICT_OBJC_MSGSEND = YES;
				ENABLE_TESTABILITY = YES;
				GCC_C_LANGUAGE_STANDARD = gnu11;
				GCC_DYNAMIC_NO_PIC = NO;
				GCC_NO_COMMON_BLOCKS = YES;
				GCC_OPTIMIZATION_LEVEL = 0;
				GCC_PREPROCESSOR_DEFINITIONS = (
					"DEBUG=1",
					"$(inherited)",
				);
				GCC_WARN_64_TO_32_BIT_CONVERSION = YES;
				GCC_WARN_ABOUT_RETURN_TYPE = YES_ERROR;
				GCC_WARN_UNDECLARED_SELECTOR = YES;
				GCC_WARN_UNINITIALIZED_AUTOS = YES_AGGRESSIVE;
				GCC_WARN_UNUSED_FUNCTION = YES;
				GCC_WARN_UNUSED_VARIABLE = YES;
				IPHONEOS_DEPLOYMENT_TARGET = 16.4;
				MTL_ENABLE_DEBUG_INFO = INCLUDE_SOURCE;
				MTL_FAST_MATH = YES;
				ONLY_ACTIVE_ARCH = YES;
				SDKROOT = iphoneos;
				SWIFT_ACTIVE_COMPILATION_CONDITIONS = DEBUG;
				SWIFT_OPTIMIZATION_LEVEL = "-Onone";
			};
			name = Debug;
		};
		1F5C6DFF2B691E8B00B45BBD /* Release */ = {
			isa = XCBuildConfiguration;
			buildSettings = {
				ALWAYS_SEARCH_USER_PATHS = NO;
				CLANG_ANALYZER_NONNULL = YES;
				CLANG_ANALYZER_NUMBER_OBJECT_CONVERSION = YES_AGGRESSIVE;
				CLANG_CXX_LANGUAGE_STANDARD = "gnu++20";
				CLANG_ENABLE_MODULES = YES;
				CLANG_ENABLE_OBJC_ARC = YES;
				CLANG_ENABLE_OBJC_WEAK = YES;
				CLANG_WARN_BLOCK_CAPTURE_AUTORELEASING = YES;
				CLANG_WARN_BOOL_CONVERSION = YES;
				CLANG_WARN_COMMA = YES;
				CLANG_WARN_CONSTANT_CONVERSION = YES;
				CLANG_WARN_DEPRECATED_OBJC_IMPLEMENTATIONS = YES;
				CLANG_WARN_DIRECT_OBJC_ISA_USAGE = YES_ERROR;
				CLANG_WARN_DOCUMENTATION_COMMENTS = YES;
				CLANG_WARN_EMPTY_BODY = YES;
				CLANG_WARN_ENUM_CONVERSION = YES;
				CLANG_WARN_INFINITE_RECURSION = YES;
				CLANG_WARN_INT_CONVERSION = YES;
				CLANG_WARN_NON_LITERAL_NULL_CONVERSION = YES;
				CLANG_WARN_OBJC_IMPLICIT_RETAIN_SELF = YES;
				CLANG_WARN_OBJC_LITERAL_CONVERSION = YES;
				CLANG_WARN_OBJC_ROOT_CLASS = YES_ERROR;
				CLANG_WARN_QUOTED_INCLUDE_IN_FRAMEWORK_HEADER = YES;
				CLANG_WARN_RANGE_LOOP_ANALYSIS = YES;
				CLANG_WARN_STRICT_PROTOTYPES = YES;
				CLANG_WARN_SUSPICIOUS_MOVE = YES;
				CLANG_WARN_UNGUARDED_AVAILABILITY = YES_AGGRESSIVE;
				CLANG_WARN_UNREACHABLE_CODE = YES;
				CLANG_WARN__DUPLICATE_METHOD_MATCH = YES;
				COPY_PHASE_STRIP = NO;
				DEBUG_INFORMATION_FORMAT = "dwarf-with-dsym";
				ENABLE_NS_ASSERTIONS = NO;
				ENABLE_STRICT_OBJC_MSGSEND = YES;
				GCC_C_LANGUAGE_STANDARD = gnu11;
				GCC_NO_COMMON_BLOCKS = YES;
				GCC_WARN_64_TO_32_BIT_CONVERSION = YES;
				GCC_WARN_ABOUT_RETURN_TYPE = YES_ERROR;
				GCC_WARN_UNDECLARED_SELECTOR = YES;
				GCC_WARN_UNINITIALIZED_AUTOS = YES_AGGRESSIVE;
				GCC_WARN_UNUSED_FUNCTION = YES;
				GCC_WARN_UNUSED_VARIABLE = YES;
				IPHONEOS_DEPLOYMENT_TARGET = 16.4;
				MTL_ENABLE_DEBUG_INFO = NO;
				MTL_FAST_MATH = YES;
				SDKROOT = iphoneos;
				SWIFT_COMPILATION_MODE = wholemodule;
				SWIFT_OPTIMIZATION_LEVEL = "-O";
				VALIDATE_PRODUCT = YES;
			};
			name = Release;
		};
		1F5C6E012B691E8B00B45BBD /* Debug */ = {
			isa = XCBuildConfiguration;
			baseConfigurationReference = 3589B1A28DEF8D690257C809 /* Pods-Firebase_test2.debug.xcconfig */;
			buildSettings = {
				ASSETCATALOG_COMPILER_APPICON_NAME = AppIcon;
				ASSETCATALOG_COMPILER_GLOBAL_ACCENT_COLOR_NAME = AccentColor;
				CODE_SIGN_STYLE = Automatic;
				CURRENT_PROJECT_VERSION = 1;
				DEVELOPMENT_ASSET_PATHS = "\"Firebase_test2/Preview Content\"";
				ENABLE_PREVIEWS = YES;
				GENERATE_INFOPLIST_FILE = YES;
				INFOPLIST_KEY_UIApplicationSceneManifest_Generation = YES;
				INFOPLIST_KEY_UIApplicationSupportsIndirectInputEvents = YES;
				INFOPLIST_KEY_UILaunchScreen_Generation = YES;
				INFOPLIST_KEY_UISupportedInterfaceOrientations_iPad = "UIInterfaceOrientationPortrait UIInterfaceOrientationPortraitUpsideDown UIInterfaceOrientationLandscapeLeft UIInterfaceOrientationLandscapeRight";
				INFOPLIST_KEY_UISupportedInterfaceOrientations_iPhone = "UIInterfaceOrientationPortrait UIInterfaceOrientationLandscapeLeft UIInterfaceOrientationLandscapeRight";
				LD_RUNPATH_SEARCH_PATHS = (
					"$(inherited)",
					"@executable_path/Frameworks",
				);
				MARKETING_VERSION = 1.0;
				PRODUCT_BUNDLE_IDENTIFIER = "jp.co.mividaloca.Firebase-test2";
				PRODUCT_NAME = "$(TARGET_NAME)";
				SWIFT_EMIT_LOC_STRINGS = YES;
				SWIFT_VERSION = 5.0;
				TARGETED_DEVICE_FAMILY = "1,2";
			};
			name = Debug;
		};
		1F5C6E022B691E8B00B45BBD /* Release */ = {
			isa = XCBuildConfiguration;
			baseConfigurationReference = 783A515969C9EE692F643776 /* Pods-Firebase_test2.release.xcconfig */;
			buildSettings = {
				ASSETCATALOG_COMPILER_APPICON_NAME = AppIcon;
				ASSETCATALOG_COMPILER_GLOBAL_ACCENT_COLOR_NAME = AccentColor;
				CODE_SIGN_STYLE = Automatic;
				CURRENT_PROJECT_VERSION = 1;
				DEVELOPMENT_ASSET_PATHS = "\"Firebase_test2/Preview Content\"";
				ENABLE_PREVIEWS = YES;
				GENERATE_INFOPLIST_FILE = YES;
				INFOPLIST_KEY_UIApplicationSceneManifest_Generation = YES;
				INFOPLIST_KEY_UIApplicationSupportsIndirectInputEvents = YES;
				INFOPLIST_KEY_UILaunchScreen_Generation = YES;
				INFOPLIST_KEY_UISupportedInterfaceOrientations_iPad = "UIInterfaceOrientationPortrait UIInterfaceOrientationPortraitUpsideDown UIInterfaceOrientationLandscapeLeft UIInterfaceOrientationLandscapeRight";
				INFOPLIST_KEY_UISupportedInterfaceOrientations_iPhone = "UIInterfaceOrientationPortrait UIInterfaceOrientationLandscapeLeft UIInterfaceOrientationLandscapeRight";
				LD_RUNPATH_SEARCH_PATHS = (
					"$(inherited)",
					"@executable_path/Frameworks",
				);
				MARKETING_VERSION = 1.0;
				PRODUCT_BUNDLE_IDENTIFIER = "jp.co.mividaloca.Firebase-test2";
				PRODUCT_NAME = "$(TARGET_NAME)";
				SWIFT_EMIT_LOC_STRINGS = YES;
				SWIFT_VERSION = 5.0;
				TARGETED_DEVICE_FAMILY = "1,2";
			};
			name = Release;
		};
/* End XCBuildConfiguration section */

/* Begin XCConfigurationList section */
		1F5C6DED2B691E8A00B45BBD /* Build configuration list for PBXProject "Firebase_test2" */ = {
			isa = XCConfigurationList;
			buildConfigurations = (
				1F5C6DFE2B691E8B00B45BBD /* Debug */,
				1F5C6DFF2B691E8B00B45BBD /* Release */,
			);
			defaultConfigurationIsVisible = 0;
			defaultConfigurationName = Release;
		};
		1F5C6E002B691E8B00B45BBD /* Build configuration list for PBXNativeTarget "Firebase_test2" */ = {
			isa = XCConfigurationList;
			buildConfigurations = (
				1F5C6E012B691E8B00B45BBD /* Debug */,
				1F5C6E022B691E8B00B45BBD /* Release */,
			);
			defaultConfigurationIsVisible = 0;
			defaultConfigurationName = Release;
		};
/* End XCConfigurationList section */
	};
	rootObject = 1F5C6DEA2B691E8A00B45BBD /* Project object */;
}
